
Microsoft Visual Studio Solution File, Format Version 12.00
# Visual Studio Version 16
VisualStudioVersion = 16.0.30907.101
MinimumVisualStudioVersion = 10.0.40219.1
Project("{FAE04EC0-301F-11D3-BF4B-00C04F79EFBC}") = "WPFMVVMAnimation", "WPFMVVMAnimation\WPFMVVMAnimation.csproj", "{48045C59-53D6-4117-9823-1B03E19A484E}"
EndProject
Global
	GlobalSection(SolutionConfigurationPlatforms) = preSolution
		Debug|Any CPU = Debug|Any CPU
		Release|Any CPU = Release|Any CPU
	EndGlobalSection
	GlobalSection(ProjectConfigurationPlatforms) = postSolution
		{48045C59-53D6-4117-9823-1B03E19A484E}.Debug|Any CPU.ActiveCfg = Debug|Any CPU
		{48045C59-53D6-4117-9823-1B03E19A484E}.Debug|Any CPU.Build.0 = Debug|Any CPU
		{48045C59-53D6-4117-9823-1B03E19A484E}.Release|Any CPU.ActiveCfg = Release|Any CPU
		{48045C59-53D6-4117-9823-1B03E19A484E}.Release|Any CPU.Build.0 = Release|Any CPU
	EndGlobalSection
	GlobalSection(SolutionProperties) = preSolution
		HideSolutionNode = FALSE
	EndGlobalSection
	GlobalSection(ExtensibilityGlobals) = postSolution
		SolutionGuid = {B8B8B5F8-149B-4E0A-95E4-0EB97ACA52FC}
	EndGlobalSection
EndGlobal
